
Microsoft Visual Studio Solution File, Format Version 12.00
# Visual Studio Version 17
VisualStudioVersion = 17.12.35527.113 d17.12
MinimumVisualStudioVersion = 10.0.40219.1
Project("{FAE04EC0-301F-11D3-BF4B-00C04F79EFBC}") = "EquipmentCatalogApp", "EquipmentCatalogApp\EquipmentCatalogApp.csproj", "{01D0604C-2060-4EAE-83C8-58C274BFBDAC}"
EndProject
Project("{FAE04EC0-301F-11D3-BF4B-00C04F79EFBC}") = "EquipmentCatalogLibrary", "EquipmentCatalogLibrary\EquipmentCatalogLibrary.csproj", "{780ABDFA-FF97-4F25-B7DB-8BF42E78B944}"
EndProject
Global
	GlobalSection(SolutionConfigurationPlatforms) = preSolution
		Debug|Any CPU = Debug|Any CPU
		Release|Any CPU = Release|Any CPU
	EndGlobalSection
	GlobalSection(ProjectConfigurationPlatforms) = postSolution
		{01D0604C-2060-4EAE-83C8-58C274BFBDAC}.Debug|Any CPU.ActiveCfg = Debug|Any CPU
		{01D0604C-2060-4EAE-83C8-58C274BFBDAC}.Debug|Any CPU.Build.0 = Debug|Any CPU
		{01D0604C-2060-4EAE-83C8-58C274BFBDAC}.Release|Any CPU.ActiveCfg = Release|Any CPU
		{01D0604C-2060-4EAE-83C8-58C274BFBDAC}.Release|Any CPU.Build.0 = Release|Any CPU
		{780ABDFA-FF97-4F25-B7DB-8BF42E78B944}.Debug|Any CPU.ActiveCfg = Debug|Any CPU
		{780ABDFA-FF97-4F25-B7DB-8BF42E78B944}.Debug|Any CPU.Build.0 = Debug|Any CPU
		{780ABDFA-FF97-4F25-B7DB-8BF42E78B944}.Release|Any CPU.ActiveCfg = Release|Any CPU
		{780ABDFA-FF97-4F25-B7DB-8BF42E78B944}.Release|Any CPU.Build.0 = Release|Any CPU
	EndGlobalSection
	GlobalSection(SolutionProperties) = preSolution
		HideSolutionNode = FALSE
	EndGlobalSection
EndGlobal
